
Microsoft Visual Studio Solution File, Format Version 12.00
Project("{FAE04EC0-301F-11D3-BF4B-00C04F79EFBC}") = "EnigmaLib", "EnigmaLib\EnigmaLib.csproj", "{AC519AA1-56F3-4A4E-9BAE-BE77862BFCBD}"
EndProject
Project("{FAE04EC0-301F-11D3-BF4B-00C04F79EFBC}") = "EnigmaTest", "EnigmaTest\EnigmaTest.csproj", "{0179FB6D-EC84-411C-81C2-EAA70BE83331}"
EndProject
Global
	GlobalSection(SolutionConfigurationPlatforms) = preSolution
		Debug|Any CPU = Debug|Any CPU
		Release|Any CPU = Release|Any CPU
	EndGlobalSection
	GlobalSection(ProjectConfigurationPlatforms) = postSolution
		{AC519AA1-56F3-4A4E-9BAE-BE77862BFCBD}.Debug|Any CPU.ActiveCfg = Debug|Any CPU
		{AC519AA1-56F3-4A4E-9BAE-BE77862BFCBD}.Debug|Any CPU.Build.0 = Debug|Any CPU
		{AC519AA1-56F3-4A4E-9BAE-BE77862BFCBD}.Release|Any CPU.ActiveCfg = Release|Any CPU
		{AC519AA1-56F3-4A4E-9BAE-BE77862BFCBD}.Release|Any CPU.Build.0 = Release|Any CPU
		{0179FB6D-EC84-411C-81C2-EAA70BE83331}.Debug|Any CPU.ActiveCfg = Debug|Any CPU
		{0179FB6D-EC84-411C-81C2-EAA70BE83331}.Debug|Any CPU.Build.0 = Debug|Any CPU
		{0179FB6D-EC84-411C-81C2-EAA70BE83331}.Release|Any CPU.ActiveCfg = Release|Any CPU
		{0179FB6D-EC84-411C-81C2-EAA70BE83331}.Release|Any CPU.Build.0 = Release|Any CPU
	EndGlobalSection
EndGlobal
